// !$*UTF8*$!
{
	archiveVersion = 1;
	classes = {
	};
	objectVersion = 46;
	objects = {

/* Begin PBXBuildFile section */
		CBD4D21F9771BC41C2511B89 /* Pods_devslopes_social.framework in Frameworks */ = {isa = PBXBuildFile; fileRef = 260E0F41B87CB921721117D9 /* Pods_devslopes_social.framework */; };
		D84D36BA1E7AC599007772FC /* AppDelegate.swift in Sources */ = {isa = PBXBuildFile; fileRef = D84D36B91E7AC599007772FC /* AppDelegate.swift */; };
		D84D36BC1E7AC599007772FC /* SignInVC.swift in Sources */ = {isa = PBXBuildFile; fileRef = D84D36BB1E7AC599007772FC /* SignInVC.swift */; };
		D84D36BF1E7AC599007772FC /* Main.storyboard in Resources */ = {isa = PBXBuildFile; fileRef = D84D36BD1E7AC599007772FC /* Main.storyboard */; };
		D84D36C11E7AC599007772FC /* Assets.xcassets in Resources */ = {isa = PBXBuildFile; fileRef = D84D36C01E7AC599007772FC /* Assets.xcassets */; };
		D84D36C41E7AC599007772FC /* LaunchScreen.storyboard in Resources */ = {isa = PBXBuildFile; fileRef = D84D36C21E7AC599007772FC /* LaunchScreen.storyboard */; };
		D8AD31631E813B2F003DC725 /* FeedVC.swift in Sources */ = {isa = PBXBuildFile; fileRef = D8AD31621E813B2F003DC725 /* FeedVC.swift */; };
		D8AD31651E820E20003DC725 /* CircleView.swift in Sources */ = {isa = PBXBuildFile; fileRef = D8AD31641E820E20003DC725 /* CircleView.swift */; };
		D8EF811B1E7AC70300AF4379 /* GoogleService-Info.plist in Resources */ = {isa = PBXBuildFile; fileRef = D8EF811A1E7AC70300AF4379 /* GoogleService-Info.plist */; };
		D8EF81201E7BD42100AF4379 /* FancyView.swift in Sources */ = {isa = PBXBuildFile; fileRef = D8EF811F1E7BD42100AF4379 /* FancyView.swift */; };
		D8EF81231E7C461F00AF4379 /* Constants.swift in Sources */ = {isa = PBXBuildFile; fileRef = D8EF81221E7C461F00AF4379 /* Constants.swift */; };
		D8EF81251E7D226A00AF4379 /* RoundBtn.swift in Sources */ = {isa = PBXBuildFile; fileRef = D8EF81241E7D226A00AF4379 /* RoundBtn.swift */; };
		D8EF81271E7D5BEA00AF4379 /* FancyField.swift in Sources */ = {isa = PBXBuildFile; fileRef = D8EF81261E7D5BEA00AF4379 /* FancyField.swift */; };
		D8EF81291E7D630A00AF4379 /* FancyBtn.swift in Sources */ = {isa = PBXBuildFile; fileRef = D8EF81281E7D630A00AF4379 /* FancyBtn.swift */; };
/* End PBXBuildFile section */

/* Begin PBXFileReference section */
		260E0F41B87CB921721117D9 /* Pods_devslopes_social.framework */ = {isa = PBXFileReference; explicitFileType = wrapper.framework; includeInIndex = 0; path = Pods_devslopes_social.framework; sourceTree = BUILT_PRODUCTS_DIR; };
		95BF6A32758FFEA8D23FAD57 /* Pods-devslopes-social.release.xcconfig */ = {isa = PBXFileReference; includeInIndex = 1; lastKnownFileType = text.xcconfig; name = "Pods-devslopes-social.release.xcconfig"; path = "Pods/Target Support Files/Pods-devslopes-social/Pods-devslopes-social.release.xcconfig"; sourceTree = "<group>"; };
		D84D36B61E7AC599007772FC /* devslopes-social.app */ = {isa = PBXFileReference; explicitFileType = wrapper.application; includeInIndex = 0; path = "devslopes-social.app"; sourceTree = BUILT_PRODUCTS_DIR; };
		D84D36B91E7AC599007772FC /* AppDelegate.swift */ = {isa = PBXFileReference; lastKnownFileType = sourcecode.swift; path = AppDelegate.swift; sourceTree = "<group>"; };
		D84D36BB1E7AC599007772FC /* SignInVC.swift */ = {isa = PBXFileReference; lastKnownFileType = sourcecode.swift; path = SignInVC.swift; sourceTree = "<group>"; };
		D84D36BE1E7AC599007772FC /* Base */ = {isa = PBXFileReference; lastKnownFileType = file.storyboard; name = Base; path = Base.lproj/Main.storyboard; sourceTree = "<group>"; };
		D84D36C01E7AC599007772FC /* Assets.xcassets */ = {isa = PBXFileReference; lastKnownFileType = folder.assetcatalog; path = Assets.xcassets; sourceTree = "<group>"; };
		D84D36C31E7AC599007772FC /* Base */ = {isa = PBXFileReference; lastKnownFileType = file.storyboard; name = Base; path = Base.lproj/LaunchScreen.storyboard; sourceTree = "<group>"; };
		D84D36C51E7AC599007772FC /* Info.plist */ = {isa = PBXFileReference; lastKnownFileType = text.plist.xml; path = Info.plist; sourceTree = "<group>"; };
		D8AD31621E813B2F003DC725 /* FeedVC.swift */ = {isa = PBXFileReference; fileEncoding = 4; lastKnownFileType = sourcecode.swift; path = FeedVC.swift; sourceTree = "<group>"; };
		D8AD31641E820E20003DC725 /* CircleView.swift */ = {isa = PBXFileReference; fileEncoding = 4; lastKnownFileType = sourcecode.swift; path = CircleView.swift; sourceTree = "<group>"; };
		D8EF811A1E7AC70300AF4379 /* GoogleService-Info.plist */ = {isa = PBXFileReference; fileEncoding = 4; lastKnownFileType = text.plist.xml; path = "GoogleService-Info.plist"; sourceTree = "<group>"; };
		D8EF811F1E7BD42100AF4379 /* FancyView.swift */ = {isa = PBXFileReference; fileEncoding = 4; lastKnownFileType = sourcecode.swift; path = FancyView.swift; sourceTree = "<group>"; };
		D8EF81221E7C461F00AF4379 /* Constants.swift */ = {isa = PBXFileReference; fileEncoding = 4; lastKnownFileType = sourcecode.swift; path = Constants.swift; sourceTree = "<group>"; };
		D8EF81241E7D226A00AF4379 /* RoundBtn.swift */ = {isa = PBXFileReference; fileEncoding = 4; lastKnownFileType = sourcecode.swift; path = RoundBtn.swift; sourceTree = "<group>"; };
		D8EF81261E7D5BEA00AF4379 /* FancyField.swift */ = {isa = PBXFileReference; fileEncoding = 4; lastKnownFileType = sourcecode.swift; path = FancyField.swift; sourceTree = "<group>"; };
		D8EF81281E7D630A00AF4379 /* FancyBtn.swift */ = {isa = PBXFileReference; fileEncoding = 4; lastKnownFileType = sourcecode.swift; path = FancyBtn.swift; sourceTree = "<group>"; };
		E6AB1473AA5CBBF38DFFB5D6 /* Pods-devslopes-social.debug.xcconfig */ = {isa = PBXFileReference; includeInIndex = 1; lastKnownFileType = text.xcconfig; name = "Pods-devslopes-social.debug.xcconfig"; path = "Pods/Target Support Files/Pods-devslopes-social/Pods-devslopes-social.debug.xcconfig"; sourceTree = "<group>"; };
/* End PBXFileReference section */

/* Begin PBXFrameworksBuildPhase section */
		D84D36B31E7AC599007772FC /* Frameworks */ = {
			isa = PBXFrameworksBuildPhase;
			buildActionMask = 2147483647;
			files = (
				CBD4D21F9771BC41C2511B89 /* Pods_devslopes_social.framework in Frameworks */,
			);
			runOnlyForDeploymentPostprocessing = 0;
		};
/* End PBXFrameworksBuildPhase section */

/* Begin PBXGroup section */
		A1E27963E700E87AAF181A33 /* Pods */ = {
			isa = PBXGroup;
			children = (
				E6AB1473AA5CBBF38DFFB5D6 /* Pods-devslopes-social.debug.xcconfig */,
				95BF6A32758FFEA8D23FAD57 /* Pods-devslopes-social.release.xcconfig */,
			);
			name = Pods;
			sourceTree = "<group>";
		};
		D84D36AD1E7AC599007772FC = {
			isa = PBXGroup;
			children = (
				D84D36B81E7AC599007772FC /* devslopes-social */,
				D84D36B71E7AC599007772FC /* Products */,
				A1E27963E700E87AAF181A33 /* Pods */,
				F333952942B2BA98454F244B /* Frameworks */,
			);
			sourceTree = "<group>";
		};
		D84D36B71E7AC599007772FC /* Products */ = {
			isa = PBXGroup;
			children = (
				D84D36B61E7AC599007772FC /* devslopes-social.app */,
			);
			name = Products;
			sourceTree = "<group>";
		};
		D84D36B81E7AC599007772FC /* devslopes-social */ = {
			isa = PBXGroup;
			children = (
				D8EF81211E7C460D00AF4379 /* Util */,
				D8EF811C1E7AD19900AF4379 /* Model */,
				D8EF811E1E7AD1A500AF4379 /* Controller */,
				D8EF811D1E7AD19F00AF4379 /* View */,
				D84D36B91E7AC599007772FC /* AppDelegate.swift */,
				D84D36BD1E7AC599007772FC /* Main.storyboard */,
				D84D36C01E7AC599007772FC /* Assets.xcassets */,
				D84D36C21E7AC599007772FC /* LaunchScreen.storyboard */,
				D84D36C51E7AC599007772FC /* Info.plist */,
				D8EF811A1E7AC70300AF4379 /* GoogleService-Info.plist */,
			);
			path = "devslopes-social";
			sourceTree = "<group>";
		};
		D8EF811C1E7AD19900AF4379 /* Model */ = {
			isa = PBXGroup;
			children = (
			);
			name = Model;
			sourceTree = "<group>";
		};
		D8EF811D1E7AD19F00AF4379 /* View */ = {
			isa = PBXGroup;
			children = (
				D8EF81281E7D630A00AF4379 /* FancyBtn.swift */,
				D8EF811F1E7BD42100AF4379 /* FancyView.swift */,
				D8EF81241E7D226A00AF4379 /* RoundBtn.swift */,
				D8EF81261E7D5BEA00AF4379 /* FancyField.swift */,
				D8AD31641E820E20003DC725 /* CircleView.swift */,
			);
			name = View;
			sourceTree = "<group>";
		};
		D8EF811E1E7AD1A500AF4379 /* Controller */ = {
			isa = PBXGroup;
			children = (
				D84D36BB1E7AC599007772FC /* SignInVC.swift */,
				D8AD31621E813B2F003DC725 /* FeedVC.swift */,
			);
			name = Controller;
			sourceTree = "<group>";
		};
		D8EF81211E7C460D00AF4379 /* Util */ = {
			isa = PBXGroup;
			children = (
				D8EF81221E7C461F00AF4379 /* Constants.swift */,
			);
			name = Util;
			sourceTree = "<group>";
		};
		F333952942B2BA98454F244B /* Frameworks */ = {
			isa = PBXGroup;
			children = (
				260E0F41B87CB921721117D9 /* Pods_devslopes_social.framework */,
			);
			name = Frameworks;
			sourceTree = "<group>";
		};
/* End PBXGroup section */

/* Begin PBXNativeTarget section */
		D84D36B51E7AC599007772FC /* devslopes-social */ = {
			isa = PBXNativeTarget;
			buildConfigurationList = D84D36C81E7AC599007772FC /* Build configuration list for PBXNativeTarget "devslopes-social" */;
			buildPhases = (
				AFB36048F9CD2C618BED4EC6 /* [CP] Check Pods Manifest.lock */,
				D84D36B21E7AC599007772FC /* Sources */,
				D84D36B31E7AC599007772FC /* Frameworks */,
				D84D36B41E7AC599007772FC /* Resources */,
				30C05B5533C9212071018A42 /* [CP] Embed Pods Frameworks */,
				420C834AFFEFDD66092BF857 /* [CP] Copy Pods Resources */,
			);
			buildRules = (
			);
			dependencies = (
			);
			name = "devslopes-social";
			productName = "devslopes-social";
			productReference = D84D36B61E7AC599007772FC /* devslopes-social.app */;
			productType = "com.apple.product-type.application";
		};
/* End PBXNativeTarget section */

/* Begin PBXProject section */
		D84D36AE1E7AC599007772FC /* Project object */ = {
			isa = PBXProject;
			attributes = {
				LastSwiftUpdateCheck = 0820;
				LastUpgradeCheck = 0820;
				ORGANIZATIONNAME = joe_mac;
				TargetAttributes = {
					D84D36B51E7AC599007772FC = {
						CreatedOnToolsVersion = 8.2.1;
						DevelopmentTeam = Q5CYH8RVUS;
						ProvisioningStyle = Automatic;
					};
				};
			};
			buildConfigurationList = D84D36B11E7AC599007772FC /* Build configuration list for PBXProject "devslopes-social" */;
			compatibilityVersion = "Xcode 3.2";
			developmentRegion = English;
			hasScannedForEncodings = 0;
			knownRegions = (
				en,
				Base,
			);
			mainGroup = D84D36AD1E7AC599007772FC;
			productRefGroup = D84D36B71E7AC599007772FC /* Products */;
			projectDirPath = "";
			projectRoot = "";
			targets = (
				D84D36B51E7AC599007772FC /* devslopes-social */,
			);
		};
/* End PBXProject section */

/* Begin PBXResourcesBuildPhase section */
		D84D36B41E7AC599007772FC /* Resources */ = {
			isa = PBXResourcesBuildPhase;
			buildActionMask = 2147483647;
			files = (
				D84D36C41E7AC599007772FC /* LaunchScreen.storyboard in Resources */,
				D84D36C11E7AC599007772FC /* Assets.xcassets in Resources */,
				D8EF811B1E7AC70300AF4379 /* GoogleService-Info.plist in Resources */,
				D84D36BF1E7AC599007772FC /* Main.storyboard in Resources */,
			);
			runOnlyForDeploymentPostprocessing = 0;
		};
/* End PBXResourcesBuildPhase section */

/* Begin PBXShellScriptBuildPhase section */
		30C05B5533C9212071018A42 /* [CP] Embed Pods Frameworks */ = {
			isa = PBXShellScriptBuildPhase;
			buildActionMask = 2147483647;
			files = (
			);
			inputPaths = (
			);
			name = "[CP] Embed Pods Frameworks";
			outputPaths = (
			);
			runOnlyForDeploymentPostprocessing = 0;
			shellPath = /bin/sh;
			shellScript = "\"${SRCROOT}/Pods/Target Support Files/Pods-devslopes-social/Pods-devslopes-social-frameworks.sh\"\n";
			showEnvVarsInLog = 0;
		};
		420C834AFFEFDD66092BF857 /* [CP] Copy Pods Resources */ = {
			isa = PBXShellScriptBuildPhase;
			buildActionMask = 2147483647;
			files = (
			);
			inputPaths = (
			);
			name = "[CP] Copy Pods Resources";
			outputPaths = (
			);
			runOnlyForDeploymentPostprocessing = 0;
			shellPath = /bin/sh;
			shellScript = "\"${SRCROOT}/Pods/Target Support Files/Pods-devslopes-social/Pods-devslopes-social-resources.sh\"\n";
			showEnvVarsInLog = 0;
		};
		AFB36048F9CD2C618BED4EC6 /* [CP] Check Pods Manifest.lock */ = {
			isa = PBXShellScriptBuildPhase;
			buildActionMask = 2147483647;
			files = (
			);
			inputPaths = (
			);
			name = "[CP] Check Pods Manifest.lock";
			outputPaths = (
			);
			runOnlyForDeploymentPostprocessing = 0;
			shellPath = /bin/sh;
			shellScript = "diff \"${PODS_ROOT}/../Podfile.lock\" \"${PODS_ROOT}/Manifest.lock\" > /dev/null\nif [ $? != 0 ] ; then\n    # print error to STDERR\n    echo \"error: The sandbox is not in sync with the Podfile.lock. Run 'pod install' or update your CocoaPods installation.\" >&2\n    exit 1\nfi\n";
			showEnvVarsInLog = 0;
		};
/* End PBXShellScriptBuildPhase section */

/* Begin PBXSourcesBuildPhase section */
		D84D36B21E7AC599007772FC /* Sources */ = {
			isa = PBXSourcesBuildPhase;
			buildActionMask = 2147483647;
			files = (
				D8AD31651E820E20003DC725 /* CircleView.swift in Sources */,
				D8EF81271E7D5BEA00AF4379 /* FancyField.swift in Sources */,
				D84D36BC1E7AC599007772FC /* SignInVC.swift in Sources */,
				D8EF81251E7D226A00AF4379 /* RoundBtn.swift in Sources */,
				D84D36BA1E7AC599007772FC /* AppDelegate.swift in Sources */,
				D8AD31631E813B2F003DC725 /* FeedVC.swift in Sources */,
				D8EF81201E7BD42100AF4379 /* FancyView.swift in Sources */,
				D8EF81231E7C461F00AF4379 /* Constants.swift in Sources */,
				D8EF81291E7D630A00AF4379 /* FancyBtn.swift in Sources */,
			);
			runOnlyForDeploymentPostprocessing = 0;
		};
/* End PBXSourcesBuildPhase section */

/* Begin PBXVariantGroup section */
		D84D36BD1E7AC599007772FC /* Main.storyboard */ = {
			isa = PBXVariantGroup;
			children = (
				D84D36BE1E7AC599007772FC /* Base */,
			);
			name = Main.storyboard;
			sourceTree = "<group>";
		};
		D84D36C21E7AC599007772FC /* LaunchScreen.storyboard */ = {
			isa = PBXVariantGroup;
			children = (
				D84D36C31E7AC599007772FC /* Base */,
			);
			name = LaunchScreen.storyboard;
			sourceTree = "<group>";
		};
/* End PBXVariantGroup section */

/* Begin XCBuildConfiguration section */
		D84D36C61E7AC599007772FC /* Debug */ = {
			isa = XCBuildConfiguration;
			buildSettings = {
				ALWAYS_SEARCH_USER_PATHS = NO;
				CLANG_ANALYZER_NONNULL = YES;
				CLANG_CXX_LANGUAGE_STANDARD = "gnu++0x";
				CLANG_CXX_LIBRARY = "libc++";
				CLANG_ENABLE_MODULES = YES;
				CLANG_ENABLE_OBJC_ARC = YES;
				CLANG_WARN_BOOL_CONVERSION = YES;
				CLANG_WARN_CONSTANT_CONVERSION = YES;
				CLANG_WARN_DIRECT_OBJC_ISA_USAGE = YES_ERROR;
				CLANG_WARN_DOCUMENTATION_COMMENTS = YES;
				CLANG_WARN_EMPTY_BODY = YES;
				CLANG_WARN_ENUM_CONVERSION = YES;
				CLANG_WARN_INFINITE_RECURSION = YES;
				CLANG_WARN_INT_CONVERSION = YES;
				CLANG_WARN_OBJC_ROOT_CLASS = YES_ERROR;
				CLANG_WARN_SUSPICIOUS_MOVE = YES;
				CLANG_WARN_UNREACHABLE_CODE = YES;
				CLANG_WARN__DUPLICATE_METHOD_MATCH = YES;
				"CODE_SIGN_IDENTITY[sdk=iphoneos*]" = "iPhone Developer";
				COPY_PHASE_STRIP = NO;
				DEBUG_INFORMATION_FORMAT = dwarf;
				ENABLE_STRICT_OBJC_MSGSEND = YES;
				ENABLE_TESTABILITY = YES;
				GCC_C_LANGUAGE_STANDARD = gnu99;
				GCC_DYNAMIC_NO_PIC = NO;
				GCC_NO_COMMON_BLOCKS = YES;
				GCC_OPTIMIZATION_LEVEL = 0;
				GCC_PREPROCESSOR_DEFINITIONS = (
					"DEBUG=1",
					"$(inherited)",
				);
				GCC_WARN_64_TO_32_BIT_CONVERSION = YES;
				GCC_WARN_ABOUT_RETURN_TYPE = YES_ERROR;
				GCC_WARN_UNDECLARED_SELECTOR = YES;
				GCC_WARN_UNINITIALIZED_AUTOS = YES_AGGRESSIVE;
				GCC_WARN_UNUSED_FUNCTION = YES;
				GCC_WARN_UNUSED_VARIABLE = YES;
				IPHONEOS_DEPLOYMENT_TARGET = 10.2;
				MTL_ENABLE_DEBUG_INFO = YES;
				ONLY_ACTIVE_ARCH = YES;
				SDKROOT = iphoneos;
				SWIFT_ACTIVE_COMPILATION_CONDITIONS = DEBUG;
				SWIFT_OPTIMIZATION_LEVEL = "-Onone";
				TARGETED_DEVICE_FAMILY = "1,2";
			};
			name = Debug;
		};
		D84D36C71E7AC599007772FC /* Release */ = {
			isa = XCBuildConfiguration;
			buildSettings = {
				ALWAYS_SEARCH_USER_PATHS = NO;
				CLANG_ANALYZER_NONNULL = YES;
				CLANG_CXX_LANGUAGE_STANDARD = "gnu++0x";
				CLANG_CXX_LIBRARY = "libc++";
				CLANG_ENABLE_MODULES = YES;
				CLANG_ENABLE_OBJC_ARC = YES;
				CLANG_WARN_BOOL_CONVERSION = YES;
				CLANG_WARN_CONSTANT_CONVERSION = YES;
				CLANG_WARN_DIRECT_OBJC_ISA_USAGE = YES_ERROR;
				CLANG_WARN_DOCUMENTATION_COMMENTS = YES;
				CLANG_WARN_EMPTY_BODY = YES;
				CLANG_WARN_ENUM_CONVERSION = YES;
				CLANG_WARN_INFINITE_RECURSION = YES;
				CLANG_WARN_INT_CONVERSION = YES;
				CLANG_WARN_OBJC_ROOT_CLASS = YES_ERROR;
				CLANG_WARN_SUSPICIOUS_MOVE = YES;
				CLANG_WARN_UNREACHABLE_CODE = YES;
				CLANG_WARN__DUPLICATE_METHOD_MATCH = YES;
				"CODE_SIGN_IDENTITY[sdk=iphoneos*]" = "iPhone Developer";
				COPY_PHASE_STRIP = NO;
				DEBUG_INFORMATION_FORMAT = "dwarf-with-dsym";
				ENABLE_NS_ASSERTIONS = NO;
				ENABLE_STRICT_OBJC_MSGSEND = YES;
				GCC_C_LANGUAGE_STANDARD = gnu99;
				GCC_NO_COMMON_BLOCKS = YES;
				GCC_WARN_64_TO_32_BIT_CONVERSION = YES;
				GCC_WARN_ABOUT_RETURN_TYPE = YES_ERROR;
				GCC_WARN_UNDECLARED_SELECTOR = YES;
				GCC_WARN_UNINITIALIZED_AUTOS = YES_AGGRESSIVE;
				GCC_WARN_UNUSED_FUNCTION = YES;
				GCC_WARN_UNUSED_VARIABLE = YES;
				IPHONEOS_DEPLOYMENT_TARGET = 10.2;
				MTL_ENABLE_DEBUG_INFO = NO;
				SDKROOT = iphoneos;
				SWIFT_OPTIMIZATION_LEVEL = "-Owholemodule";
				TARGETED_DEVICE_FAMILY = "1,2";
				VALIDATE_PRODUCT = YES;
			};
			name = Release;
		};
		D84D36C91E7AC599007772FC /* Debug */ = {
			isa = XCBuildConfiguration;
			baseConfigurationReference = E6AB1473AA5CBBF38DFFB5D6 /* Pods-devslopes-social.debug.xcconfig */;
			buildSettings = {
				ASSETCATALOG_COMPILER_APPICON_NAME = AppIcon;
				DEVELOPMENT_TEAM = Q5CYH8RVUS;
				INFOPLIST_FILE = "devslopes-social/Info.plist";
				LD_RUNPATH_SEARCH_PATHS = "$(inherited) @executable_path/Frameworks";
				PRODUCT_BUNDLE_IDENTIFIER = "com.joe3524.devslopes-social";
				PRODUCT_NAME = "$(TARGET_NAME)";
				SWIFT_VERSION = 3.0;
			};
			name = Debug;
		};
		D84D36CA1E7AC599007772FC /* Release */ = {
			isa = XCBuildConfiguration;
			baseConfigurationReference = 95BF6A32758FFEA8D23FAD57 /* Pods-devslopes-social.release.xcconfig */;
			buildSettings = {
				ASSETCATALOG_COMPILER_APPICON_NAME = AppIcon;
				DEVELOPMENT_TEAM = Q5CYH8RVUS;
				INFOPLIST_FILE = "devslopes-social/Info.plist";
				LD_RUNPATH_SEARCH_PATHS = "$(inherited) @executable_path/Frameworks";
				PRODUCT_BUNDLE_IDENTIFIER = "com.joe3524.devslopes-social";
				PRODUCT_NAME = "$(TARGET_NAME)";
				SWIFT_VERSION = 3.0;
			};
			name = Release;
		};
/* End XCBuildConfiguration section */

/* Begin XCConfigurationList section */
		D84D36B11E7AC599007772FC /* Build configuration list for PBXProject "devslopes-social" */ = {
			isa = XCConfigurationList;
			buildConfigurations = (
				D84D36C61E7AC599007772FC /* Debug */,
				D84D36C71E7AC599007772FC /* Release */,
			);
			defaultConfigurationIsVisible = 0;
			defaultConfigurationName = Release;
		};
		D84D36C81E7AC599007772FC /* Build configuration list for PBXNativeTarget "devslopes-social" */ = {
			isa = XCConfigurationList;
			buildConfigurations = (
				D84D36C91E7AC599007772FC /* Debug */,
				D84D36CA1E7AC599007772FC /* Release */,
			);
			defaultConfigurationIsVisible = 0;
			defaultConfigurationName = Release;
		};
/* End XCConfigurationList section */
	};
	rootObject = D84D36AE1E7AC599007772FC /* Project object */;
}
